{
  "version": 4,
  "terraform_version": "1.7.0",
  "serial": 47,
  "lineage": "24df5e4e-3cb0-da96-9fe1-696020d5f67b",
  "outputs": {
    "alb_dns_name": {
      "value": "aws-monolith-alb-1638019826.us-east-1.elb.amazonaws.com",
      "type": "string"
    },
    "asg_name": {
      "value": "aws-monolith-asg",
      "type": "string"
    },
    "cloudfront_domain_name": {
      "value": "d15wps15d7ub1f.cloudfront.net",
      "type": "string"
    },
    "rds_endpoint": {
      "value": "aws-monolith-db.cs5gukwmgrbm.us-east-1.rds.amazonaws.com:3306",
      "type": "string",
      "sensitive": true
    },
    "s3_bucket_name": {
      "value": "aws-monolith-app-bucket-046228934234",
      "type": "string"
    }
  },
  "resources": [
    {
      "mode": "data",
      "type": "aws_ami",
      "name": "amazon_linux_2",
      "provider": "provider[\"registry.terraform.io/hashicorp/aws\"]",
      "instances": [
        {
          "schema_version": 0,
          "attributes": {
            "architecture": "x86_64",
            "arn": "arn:aws:ec2:us-east-1::image/ami-026992d753d5622bc",
            "block_device_mappings": [
              {
                "device_name": "/dev/xvda",
                "ebs": {
                  "delete_on_termination": "true",
                  "encrypted": "false",
                  "iops": "0",
                  "snapshot_id": "snap-0f6b38d2e7b1cb84e",
                  "throughput": "0",
                  "volume_initialization_rate": "0",
                  "volume_size": "8",
                  "volume_type": "gp2"
                },
                "no_device": "",
                "virtual_name": ""
              }
            ],
            "boot_mode": "",
            "creation_date": "2026-01-16T23:17:36.000Z",
            "deprecation_time": "2026-04-16T23:23:00.000Z",
            "description": "Amazon Linux 2 AMI 2.0.20260120.1 x86_64 HVM gp2",
            "ena_support": true,
            "executable_users": null,
            "filter": [
              {
                "name": "name",
                "values": [
                  "amzn2-ami-hvm-*-x86_64-gp2"
                ]
              },
              {
                "name": "virtualization-type",
                "values": [
                  "hvm"
                ]
              }
            ],
            "hypervisor": "xen",
            "id": "ami-026992d753d5622bc",
            "image_id": "ami-026992d753d5622bc",
            "image_location": "amazon/amzn2-ami-hvm-2.0.20260120.1-x86_64-gp2",
            "image_owner_alias": "amazon",
            "image_type": "machine",
            "imds_support": "",
            "include_deprecated": false,
            "kernel_id": "",
            "last_launched_time": "",
            "most_recent": true,
            "name": "amzn2-ami-hvm-2.0.20260120.1-x86_64-gp2",
            "name_regex": null,
            "owner_id": "137112412989",
            "owners": [
              "amazon"
            ],
            "platform": "",
            "platform_details": "Linux/UNIX",
            "product_codes": [],
            "public": true,
            "ramdisk_id": "",
            "root_device_name": "/dev/xvda",
            "root_device_type": "ebs",
            "root_snapshot_id": "snap-0f6b38d2e7b1cb84e",
            "sriov_net_support": "simple",
            "state": "available",
            "state_reason": {
              "code": "UNSET",
              "message": "UNSET"
            },
            "tags": {},
            "timeouts": null,
            "tpm_support": "",
            "uefi_data": null,
            "usage_operation": "RunInstances",
            "virtualization_type": "hvm"
          },
          "sensitive_attributes": []
        }
      ]
    },
    {
      "mode": "data",
      "type": "aws_availability_zones",
      "name": "available",
      "provider": "provider[\"registry.terraform.io/hashicorp/aws\"]",
      "instances": [
        {
          "schema_version": 0,
          "attributes": {
            "all_availability_zones": null,
            "exclude_names": null,
            "exclude_zone_ids": null,
            "filter": null,
            "group_names": [
              "us-east-1-zg-1"
            ],
            "id": "us-east-1",
            "names": [
              "us-east-1a",
              "us-east-1b",
              "us-east-1c",
              "us-east-1d",
              "us-east-1e",
              "us-east-1f"
            ],
            "state": "available",
            "timeouts": null,
            "zone_ids": [
              "use1-az1",
              "use1-az2",
              "use1-az4",
              "use1-az6",
              "use1-az3",
              "use1-az5"
            ]
          },
          "sensitive_attributes": []
        }
      ]
    },
    {
      "mode": "data",
      "type": "aws_caller_identity",
      "name": "current",
      "provider": "provider[\"registry.terraform.io/hashicorp/aws\"]",
      "instances": [
        {
          "schema_version": 0,
          "attributes": {
            "account_id": "046228934234",
            "arn": "arn:aws:iam::046228934234:user/tashivxo",
            "id": "046228934234",
            "user_id": "AIDAQVQ3VRZNFICJMAYGN"
          },
          "sensitive_attributes": []
        }
      ]
    },
    {
      "mode": "managed",
      "type": "aws_autoscaling_group",
      "name": "app",
      "provider": "provider[\"registry.terraform.io/hashicorp/aws\"]",
      "instances": [
        {
          "schema_version": 1,
          "attributes": {
            "arn": "arn:aws:autoscaling:us-east-1:046228934234:autoScalingGroup:bd64e4ff-8c74-4357-8eec-ad6fa1619472:autoScalingGroupName/aws-monolith-asg",
            "availability_zone_distribution": [
              {
                "capacity_distribution_strategy": "balanced-best-effort"
              }
            ],
            "availability_zones": [
              "us-east-1a",
              "us-east-1b"
            ],
            "capacity_rebalance": false,
            "capacity_reservation_specification": [
              {
                "capacity_reservation_preference": "default",
                "capacity_reservation_target": []
              }
            ],
            "context": "",
            "default_cooldown": 300,
            "default_instance_warmup": 0,
            "desired_capacity": 2,
            "desired_capacity_type": "",
            "enabled_metrics": null,
            "force_delete": false,
            "force_delete_warm_pool": false,
            "health_check_grace_period": 300,
            "health_check_type": "ELB",
            "id": "aws-monolith-asg",
            "ignore_failed_scaling_activities": false,
            "initial_lifecycle_hook": [],
            "instance_maintenance_policy": [],
            "instance_refresh": [],
            "launch_configuration": "",
            "launch_template": [
              {
                "id": "lt-0daeaab579c1d5f34",
                "name": "aws-monolith-lt-20260116122046316200000004",
                "version": "$Latest"
              }
            ],
            "load_balancers": [],
            "max_instance_lifetime": 0,
            "max_size": 4,
            "metrics_granularity": "1Minute",
            "min_elb_capacity": null,
            "min_size": 2,
            "mixed_instances_policy": [],
            "name": "aws-monolith-asg",
            "name_prefix": "",
            "placement_group": "",
            "predicted_capacity": 0,
            "protect_from_scale_in": false,
            "service_linked_role_arn": "arn:aws:iam::046228934234:role/aws-service-role/autoscaling.amazonaws.com/AWSServiceRoleForAutoScaling",
            "suspended_processes": null,
            "tag": [
              {
                "key": "Name",
                "propagate_at_launch": true,
                "value": "aws-monolith-asg-instance"
              }
            ],
            "target_group_arns": [
              "arn:aws:elasticloadbalancing:us-east-1:046228934234:targetgroup/aws-monolith-tg/b55415dc2dd9426b"
            ],
            "termination_policies": null,
            "timeouts": null,
            "traffic_source": [
              {
                "identifier": "arn:aws:elasticloadbalancing:us-east-1:046228934234:targetgroup/aws-monolith-tg/b55415dc2dd9426b",
                "type": "elbv2"
              }
            ],
            "vpc_zone_identifier": [
              "subnet-01ca713a356caeed2",
              "subnet-04b7cdc79438e4f86"
            ],
            "wait_for_capacity_timeout": "10m",
            "wait_for_elb_capacity": null,
            "warm_pool": [],
            "warm_pool_size": 0
          },
          "sensitive_attributes": [],
          "private": "eyJlMmJmYjczMC1lY2FhLTExZTYtOGY4OC0zNDM2M2JjN2M0YzAiOnsiZGVsZXRlIjo2MDAwMDAwMDAwMDAsInVwZGF0ZSI6NjAwMDAwMDAwMDAwfSwic2NoZW1hX3ZlcnNpb24iOiIxIn0=",
          "dependencies": [
            "aws_iam_instance_profile.ec2_profile",
            "aws_iam_role.ec2_role",
            "aws_launch_template.app",
            "aws_lb_target_group.app",
            "aws_security_group.alb",
            "aws_security_group.ec2",
            "aws_subnet.private_1",
            "aws_subnet.private_2",
            "aws_vpc.main",
            "data.aws_ami.amazon_linux_2",
            "data.aws_availability_zones.available"
          ],
          "create_before_destroy": true
        }
      ]
    },
    {
      "mode": "managed",
      "type": "aws_cloudfront_distribution",
      "name": "app",
      "provider": "provider[\"registry.terraform.io/hashicorp/aws\"]",
      "instances": [
        {
          "schema_version": 1,
          "attributes": {
            "aliases": [],
            "arn": "arn:aws:cloudfront::046228934234:distribution/E2MIS6LF44PUJC",
            "caller_reference": "terraform-20260116122025019000000002",
            "comment": null,
            "continuous_deployment_policy_id": "",
            "custom_error_response": [],
            "default_cache_behavior": [
              {
                "allowed_methods": [
                  "GET",
                  "HEAD"
                ],
                "cache_policy_id": "",
                "cached_methods": [
                  "GET",
                  "HEAD"
                ],
                "compress": true,
                "default_ttl": 0,
                "field_level_encryption_id": "",
                "forwarded_values": [
                  {
                    "cookies": [
                      {
                        "forward": "none",
                        "whitelisted_names": []
                      }
                    ],
                    "headers": [],
                    "query_string": false,
                    "query_string_cache_keys": []
                  }
                ],
                "function_association": [],
                "grpc_config": [
                  {
                    "enabled": false
                  }
                ],
                "lambda_function_association": [],
                "max_ttl": 0,
                "min_ttl": 0,
                "origin_request_policy_id": "",
                "realtime_log_config_arn": "",
                "response_headers_policy_id": "",
                "smooth_streaming": false,
                "target_origin_id": "S3Origin",
                "trusted_key_groups": [],
                "trusted_signers": [],
                "viewer_protocol_policy": "redirect-to-https"
              }
            ],
            "default_root_object": "",
            "domain_name": "d15wps15d7ub1f.cloudfront.net",
            "enabled": true,
            "etag": "E6O15JYS7FTR4",
            "hosted_zone_id": "Z2FDTNDATAQYW2",
            "http_version": "http2",
            "id": "E2MIS6LF44PUJC",
            "in_progress_validation_batches": 0,
            "is_ipv6_enabled": false,
            "last_modified_time": "2026-01-16 12:20:25.967 +0000 UTC",
            "logging_config": [],
            "ordered_cache_behavior": [],
            "origin": [
              {
                "connection_attempts": 3,
                "connection_timeout": 10,
                "custom_header": [],
                "custom_origin_config": [],
                "domain_name": "aws-monolith-app-bucket-046228934234.s3.us-east-1.amazonaws.com",
                "origin_access_control_id": "",
                "origin_id": "S3Origin",
                "origin_path": "",
                "origin_shield": [],
                "s3_origin_config": [
                  {
                    "origin_access_identity": "origin-access-identity/cloudfront/EUQNXVWRFNZQH"
                  }
                ],
                "vpc_origin_config": []
              }
            ],
            "origin_group": [],
            "price_class": "PriceClass_All",
            "restrictions": [
              {
                "geo_restriction": [
                  {
                    "locations": [],
                    "restriction_type": "none"
                  }
                ]
              }
            ],
            "retain_on_delete": false,
            "staging": false,
            "status": "Deployed",
            "tags": {
              "Name": "aws-monolith-cloudfront"
            },
            "tags_all": {
              "Name": "aws-monolith-cloudfront"
            },
            "trusted_key_groups": [
              {
                "enabled": false,
                "items": []
              }
            ],
            "trusted_signers": [
              {
                "enabled": false,
                "items": []
              }
            ],
            "viewer_certificate": [
              {
                "acm_certificate_arn": "",
                "cloudfront_default_certificate": true,
                "iam_certificate_id": "",
                "minimum_protocol_version": "TLSv1",
                "ssl_support_method": ""
              }
            ],
            "wait_for_deployment": true,
            "web_acl_id": ""
          },
          "sensitive_attributes": [],
          "private": "eyJzY2hlbWFfdmVyc2lvbiI6IjEifQ==",
          "dependencies": [
            "aws_cloudfront_origin_access_identity.app",
            "aws_s3_bucket.app",
            "data.aws_caller_identity.current"
          ]
        }
      ]
    },
    {
      "mode": "managed",
      "type": "aws_cloudfront_origin_access_identity",
      "name": "app",
      "provider": "provider[\"registry.terraform.io/hashicorp/aws\"]",
      "instances": [
        {
          "schema_version": 0,
          "attributes": {
            "arn": "arn:aws:cloudfront::046228934234:origin-access-identity/EUQNXVWRFNZQH",
            "caller_reference": "terraform-20260116122018356700000001",
            "cloudfront_access_identity_path": "origin-access-identity/cloudfront/EUQNXVWRFNZQH",
            "comment": "aws-monolith-oai",
            "etag": "ETVPDKIKX0DER",
            "iam_arn": "arn:aws:iam::cloudfront:user/CloudFront Origin Access Identity EUQNXVWRFNZQH",
            "id": "EUQNXVWRFNZQH",
            "s3_canonical_user_id": "8488c4b12d936c7afa850b21f30a184d706f6cad3c5baa7efa325242d781398342f66aead4254119f75093b7633055b8"
          },
          "sensitive_attributes": [],
          "private": "bnVsbA=="
        }
      ]
    },
    {
      "mode": "managed",
      "type": "aws_db_instance",
      "name": "app",
      "provider": "provider[\"registry.terraform.io/hashicorp/aws\"]",
      "instances": [
        {
          "schema_version": 2,
          "attributes": {
            "address": "aws-monolith-db.cs5gukwmgrbm.us-east-1.rds.amazonaws.com",
            "allocated_storage": 20,
            "allow_major_version_upgrade": null,
            "apply_immediately": false,
            "arn": "arn:aws:rds:us-east-1:046228934234:db:aws-monolith-db",
            "auto_minor_version_upgrade": true,
            "availability_zone": "us-east-1b",
            "backup_retention_period": 1,
            "backup_target": "region",
            "backup_window": "06:10-06:40",
            "blue_green_update": [],
            "ca_cert_identifier": "rds-ca-rsa2048-g1",
            "character_set_name": "",
            "copy_tags_to_snapshot": false,
            "custom_iam_instance_profile": "",
            "customer_owned_ip_enabled": false,
            "database_insights_mode": "standard",
            "db_name": "monolithdb",
            "db_subnet_group_name": "aws-monolith-db-subnet-group",
            "dedicated_log_volume": false,
            "delete_automated_backups": true,
            "deletion_protection": false,
            "domain": "",
            "domain_auth_secret_arn": "",
            "domain_dns_ips": [],
            "domain_fqdn": "",
            "domain_iam_role_name": "",
            "domain_ou": "",
            "enabled_cloudwatch_logs_exports": [],
            "endpoint": "aws-monolith-db.cs5gukwmgrbm.us-east-1.rds.amazonaws.com:3306",
            "engine": "mysql",
            "engine_lifecycle_support": "open-source-rds-extended-support",
            "engine_version": "8.0",
            "engine_version_actual": "8.0.43",
            "final_snapshot_identifier": null,
            "hosted_zone_id": "Z2R2ITUGPM61AM",
            "iam_database_authentication_enabled": false,
            "id": "db-NTZGY4HSQ6GOIFS7KQDE7FU5S4",
            "identifier": "aws-monolith-db",
            "identifier_prefix": "",
            "instance_class": "db.t3.micro",
            "iops": 0,
            "kms_key_id": "",
            "latest_restorable_time": "2026-01-23T09:20:00Z",
            "license_model": "general-public-license",
            "listener_endpoint": [],
            "maintenance_window": "sun:04:57-sun:05:27",
            "manage_master_user_password": null,
            "master_user_secret": [],
            "master_user_secret_kms_key_id": null,
            "max_allocated_storage": 0,
            "monitoring_interval": 0,
            "monitoring_role_arn": "",
            "multi_az": false,
            "nchar_character_set_name": "",
            "network_type": "IPV4",
            "option_group_name": "default:mysql-8-0",
            "parameter_group_name": "default.mysql8.0",
            "password": "2NZTPhUIoPvQynOWWV3OBxE78yCvCYhK",
            "password_wo": null,
            "password_wo_version": null,
            "performance_insights_enabled": false,
            "performance_insights_kms_key_id": "",
            "performance_insights_retention_period": 0,
            "port": 3306,
            "publicly_accessible": false,
            "replica_mode": "",
            "replicas": [],
            "replicate_source_db": "",
            "resource_id": "db-NTZGY4HSQ6GOIFS7KQDE7FU5S4",
            "restore_to_point_in_time": [],
            "s3_import": [],
            "skip_final_snapshot": true,
            "snapshot_identifier": null,
            "status": "available",
            "storage_encrypted": false,
            "storage_throughput": 0,
            "storage_type": "gp2",
            "tags": {
              "Name": "aws-monolith-db"
            },
            "tags_all": {
              "Name": "aws-monolith-db"
            },
            "timeouts": null,
            "timezone": "",
            "upgrade_storage_config": null,
            "username": "admin",
            "vpc_security_group_ids": [
              "sg-08ab57d48d9058cfa"
            ]
          },
          "sensitive_attributes": [
            [
              {
                "type": "get_attr",
                "value": "password"
              }
            ]
          ],
          "private": "eyJlMmJmYjczMC1lY2FhLTExZTYtOGY4OC0zNDM2M2JjN2M0YzAiOnsiY3JlYXRlIjozMDAwMDAwMDAwMDAwLCJkZWxldGUiOjM2MDAwMDAwMDAwMDAsInVwZGF0ZSI6NDgwMDAwMDAwMDAwMH0sInNjaGVtYV92ZXJzaW9uIjoiMiJ9",
          "dependencies": [
            "aws_db_subnet_group.app",
            "aws_security_group.alb",
            "aws_security_group.ec2",
            "aws_security_group.rds",
            "aws_subnet.private_1",
            "aws_subnet.private_2",
            "aws_vpc.main",
            "data.aws_availability_zones.available",
            "random_password.db_password"
          ]
        }
      ]
    },
    {
      "mode": "managed",
      "type": "aws_db_subnet_group",
      "name": "app",
      "provider": "provider[\"registry.terraform.io/hashicorp/aws\"]",
      "instances": [
        {
          "schema_version": 0,
          "attributes": {
            "arn": "arn:aws:rds:us-east-1:046228934234:subgrp:aws-monolith-db-subnet-group",
            "description": "Managed by Terraform",
            "id": "aws-monolith-db-subnet-group",
            "name": "aws-monolith-db-subnet-group",
            "name_prefix": "",
            "subnet_ids": [
              "subnet-01ca713a356caeed2",
              "subnet-04b7cdc79438e4f86"
            ],
            "supported_network_types": [
              "IPV4"
            ],
            "tags": {
              "Name": "aws-monolith-db-subnet-group"
            },
            "tags_all": {
              "Name": "aws-monolith-db-subnet-group"
            },
            "vpc_id": "vpc-0f7da0cd5b82f9b24"
          },
          "sensitive_attributes": [],
          "private": "bnVsbA==",
          "dependencies": [
            "aws_subnet.private_1",
            "aws_subnet.private_2",
            "aws_vpc.main",
            "data.aws_availability_zones.available"
          ]
        }
      ]
    },
    {
      "mode": "managed",
      "type": "aws_eip",
      "name": "nat",
      "provider": "provider[\"registry.terraform.io/hashicorp/aws\"]",
      "instances": [
        {
          "schema_version": 0,
          "attributes": {
            "address": null,
            "allocation_id": "eipalloc-054eaab2573e73b61",
            "arn": "arn:aws:ec2:us-east-1:046228934234:elastic-ip/eipalloc-054eaab2573e73b61",
            "associate_with_private_ip": null,
            "association_id": "eipassoc-0520cb6c319b64136",
            "carrier_ip": "",
            "customer_owned_ip": "",
            "customer_owned_ipv4_pool": "",
            "domain": "vpc",
            "id": "eipalloc-054eaab2573e73b61",
            "instance": "",
            "ipam_pool_id": null,
            "network_border_group": "us-east-1",
            "network_interface": "eni-0e5e8539fdfe132fb",
            "private_dns": "ip-10-0-1-109.ec2.internal",
            "private_ip": "10.0.1.109",
            "ptr_record": "",
            "public_dns": "ec2-100-49-169-68.compute-1.amazonaws.com",
            "public_ip": "100.49.169.68",
            "public_ipv4_pool": "amazon",
            "tags": {
              "Name": "aws-monolith-nat-eip"
            },
            "tags_all": {
              "Name": "aws-monolith-nat-eip"
            },
            "timeouts": null,
            "vpc": true
          },
          "sensitive_attributes": [],
          "private": "eyJlMmJmYjczMC1lY2FhLTExZTYtOGY4OC0zNDM2M2JjN2M0YzAiOnsiZGVsZXRlIjoxODAwMDAwMDAwMDAsInJlYWQiOjkwMDAwMDAwMDAwMCwidXBkYXRlIjozMDAwMDAwMDAwMDB9fQ==",
          "dependencies": [
            "aws_internet_gateway.main",
            "aws_vpc.main"
          ]
        }
      ]
    },
    {
      "mode": "managed",
      "type": "aws_iam_instance_profile",
      "name": "ec2_profile",
      "provider": "provider[\"registry.terraform.io/hashicorp/aws\"]",
      "instances": [
        {
          "schema_version": 0,
          "attributes": {
            "arn": "arn:aws:iam::046228934234:instance-profile/aws-monolith-ec2-profile",
            "create_date": "2026-01-16T12:20:21Z",
            "id": "aws-monolith-ec2-profile",
            "name": "aws-monolith-ec2-profile",
            "name_prefix": "",
            "path": "/",
            "role": "aws-monolith-ec2-role",
            "tags": {},
            "tags_all": {},
            "unique_id": "AIPAQVQ3VRZNIBN33FIQV"
          },
          "sensitive_attributes": [],
          "private": "bnVsbA==",
          "dependencies": [
            "aws_iam_role.ec2_role"
          ],
          "create_before_destroy": true
        }
      ]
    },
    {
      "mode": "managed",
      "type": "aws_iam_role",
      "name": "ec2_role",
      "provider": "provider[\"registry.terraform.io/hashicorp/aws\"]",
      "instances": [
        {
          "schema_version": 0,
          "attributes": {
            "arn": "arn:aws:iam::046228934234:role/aws-monolith-ec2-role",
            "assume_role_policy": "{\"Statement\":[{\"Action\":\"sts:AssumeRole\",\"Effect\":\"Allow\",\"Principal\":{\"Service\":\"ec2.amazonaws.com\"}}],\"Version\":\"2012-10-17\"}",
            "create_date": "2026-01-16T12:20:20Z",
            "description": "",
            "force_detach_policies": false,
            "id": "aws-monolith-ec2-role",
            "inline_policy": [
              {
                "name": "aws-monolith-cloudwatch",
                "policy": "{\"Version\":\"2012-10-17\",\"Statement\":[{\"Action\":[\"cloudwatch:PutMetricData\",\"logs:CreateLogGroup\",\"logs:CreateLogStream\",\"logs:PutLogEvents\"],\"Effect\":\"Allow\",\"Resource\":\"*\"}]}"
              },
              {
                "name": "aws-monolith-s3-access",
                "policy": "{\"Version\":\"2012-10-17\",\"Statement\":[{\"Action\":[\"s3:GetObject\",\"s3:PutObject\",\"s3:DeleteObject\",\"s3:ListBucket\"],\"Effect\":\"Allow\",\"Resource\":[\"arn:aws:s3:::aws-monolith-app-bucket-046228934234\",\"arn:aws:s3:::aws-monolith-app-bucket-046228934234/*\"]}]}"
              }
            ],
            "managed_policy_arns": [],
            "max_session_duration": 3600,
            "name": "aws-monolith-ec2-role",
            "name_prefix": "",
            "path": "/",
            "permissions_boundary": "",
            "tags": {
              "Name": "aws-monolith-ec2-role"
            },
            "tags_all": {
              "Name": "aws-monolith-ec2-role"
            },
            "unique_id": "AROAQVQ3VRZNPCUOSALOK"
          },
          "sensitive_attributes": [],
          "private": "bnVsbA==",
          "create_before_destroy": true
        }
      ]
    },
    {
      "mode": "managed",
      "type": "aws_iam_role_policy",
      "name": "cloudwatch",
      "provider": "provider[\"registry.terraform.io/hashicorp/aws\"]",
      "instances": [
        {
          "schema_version": 0,
          "attributes": {
            "id": "aws-monolith-ec2-role:aws-monolith-cloudwatch",
            "name": "aws-monolith-cloudwatch",
            "name_prefix": "",
            "policy": "{\"Version\":\"2012-10-17\",\"Statement\":[{\"Action\":[\"cloudwatch:PutMetricData\",\"logs:CreateLogGroup\",\"logs:CreateLogStream\",\"logs:PutLogEvents\"],\"Effect\":\"Allow\",\"Resource\":\"*\"}]}",
            "role": "aws-monolith-ec2-role"
          },
          "sensitive_attributes": [],
          "private": "bnVsbA==",
          "dependencies": [
            "aws_iam_role.ec2_role"
          ]
        }
      ]
    },
    {
      "mode": "managed",
      "type": "aws_iam_role_policy",
      "name": "s3_access",
      "provider": "provider[\"registry.terraform.io/hashicorp/aws\"]",
      "instances": [
        {
          "schema_version": 0,
          "attributes": {
            "id": "aws-monolith-ec2-role:aws-monolith-s3-access",
            "name": "aws-monolith-s3-access",
            "name_prefix": "",
            "policy": "{\"Version\":\"2012-10-17\",\"Statement\":[{\"Action\":[\"s3:GetObject\",\"s3:PutObject\",\"s3:DeleteObject\",\"s3:ListBucket\"],\"Effect\":\"Allow\",\"Resource\":[\"arn:aws:s3:::aws-monolith-app-bucket-046228934234\",\"arn:aws:s3:::aws-monolith-app-bucket-046228934234/*\"]}]}",
            "role": "aws-monolith-ec2-role"
          },
          "sensitive_attributes": [],
          "private": "bnVsbA==",
          "dependencies": [
            "aws_iam_role.ec2_role",
            "aws_s3_bucket.app",
            "data.aws_caller_identity.current"
          ]
        }
      ]
    },
    {
      "mode": "managed",
      "type": "aws_internet_gateway",
      "name": "main",
      "provider": "provider[\"registry.terraform.io/hashicorp/aws\"]",
      "instances": [
        {
          "schema_version": 0,
          "attributes": {
            "arn": "arn:aws:ec2:us-east-1:046228934234:internet-gateway/igw-0caa87d535c13d105",
            "id": "igw-0caa87d535c13d105",
            "owner_id": "046228934234",
            "tags": {
              "Name": "aws-monolith-igw"
            },
            "tags_all": {
              "Name": "aws-monolith-igw"
            },
            "timeouts": null,
            "vpc_id": "vpc-0f7da0cd5b82f9b24"
          },
          "sensitive_attributes": [],
          "private": "eyJlMmJmYjczMC1lY2FhLTExZTYtOGY4OC0zNDM2M2JjN2M0YzAiOnsiY3JlYXRlIjoxMjAwMDAwMDAwMDAwLCJkZWxldGUiOjEyMDAwMDAwMDAwMDAsInVwZGF0ZSI6MTIwMDAwMDAwMDAwMH19",
          "dependencies": [
            "aws_vpc.main"
          ]
        }
      ]
    },
    {
      "mode": "managed",
      "type": "aws_launch_template",
      "name": "app",
      "provider": "provider[\"registry.terraform.io/hashicorp/aws\"]",
      "instances": [
        {
          "schema_version": 0,
          "attributes": {
            "arn": "arn:aws:ec2:us-east-1:046228934234:launch-template/lt-0daeaab579c1d5f34",
            "block_device_mappings": [],
            "capacity_reservation_specification": [],
            "cpu_options": [],
            "credit_specification": [],
            "default_version": 1,
            "description": "",
            "disable_api_stop": false,
            "disable_api_termination": false,
            "ebs_optimized": "",
            "elastic_gpu_specifications": [],
            "elastic_inference_accelerator": [],
            "enclave_options": [],
            "hibernation_options": [],
            "iam_instance_profile": [
              {
                "arn": "arn:aws:iam::046228934234:instance-profile/aws-monolith-ec2-profile",
                "name": ""
              }
            ],
            "id": "lt-0daeaab579c1d5f34",
            "image_id": "ami-026992d753d5622bc",
            "instance_initiated_shutdown_behavior": "",
            "instance_market_options": [],
            "instance_requirements": [],
            "instance_type": "t3.micro",
            "kernel_id": "",
            "key_name": "",
            "latest_version": 9,
            "license_specification": [],
            "maintenance_options": [],
            "metadata_options": [],
            "monitoring": [],
            "name": "aws-monolith-lt-20260116122046316200000004",
            "name_prefix": "aws-monolith-lt-",
            "network_interfaces": [],
            "placement": [],
            "private_dns_name_options": [],
            "ram_disk_id": "",
            "security_group_names": [],
            "tag_specifications": [
              {
                "resource_type": "instance",
                "tags": {
                  "Name": "aws-monolith-instance"
                }
              }
            ],
            "tags": {},
            "tags_all": {},
            "update_default_version": null,
            "user_data": "IyEvYmluL2Jhc2gNCnNldCAtZQ0KDQojIFVwZGF0ZSBzeXN0ZW0gcGFja2FnZXMNCnl1bSB1cGRhdGUgLXkNCg0KIyBJbnN0YWxsIFB5dGhvbiBhbmQgZGVwZW5kZW5jaWVzDQp5dW0gaW5zdGFsbCAteSBweXRob24zIHB5dGhvbjMtcGlwIHB5dGhvbjMtZGV2ZWwgZ2NjIG15c3FsLWRldmVsIGdpdCBuZ2lueA0KDQojIENyZWF0ZSBhcHBsaWNhdGlvbiBkaXJlY3RvcnkNCm1rZGlyIC1wIC9vcHQvbW9ub2xpdGgNCmNkIC9vcHQvbW9ub2xpdGgNCg0KIyBDbG9uZSBvciBkb3dubG9hZCBhcHBsaWNhdGlvbiBjb2RlDQojIE5vdGU6IEluIHByb2R1Y3Rpb24sIHVzZSBDb2RlRGVwbG95IG9yIGNvbmZpZ3VyZSBHaXQgYWNjZXNzDQojIEZvciBub3csIHdlJ2xsIGNyZWF0ZSBhIGJhc2ljIHBsYWNlaG9sZGVyIHRoYXQgbG9hZHMgZnJvbSBTMyBvciBnaXQNCg0KIyBDcmVhdGUgdmlydHVhbCBlbnZpcm9ubWVudA0KcHl0aG9uMyAtbSB2ZW52IHZlbnYNCnNvdXJjZSB2ZW52L2Jpbi9hY3RpdmF0ZQ0KDQojIElmIHVzaW5nIEdpdCAoZW5zdXJlIEVDMiBoYXMgR2l0IGFjY2Vzcyk6DQojIGdpdCBjbG9uZSBodHRwczovL2dpdGh1Yi5jb20vdGFzaGl2eG8vQVdTTW9ub2xpdGguZ2l0IC4NCiMgY2QgYXBwDQoNCiMgRm9yIGRldmVsb3BtZW50LCB3ZSdsbCBpbnN0YWxsIEZsYXNrIGFuZCBjcmVhdGUgYmFzaWMgYXBwDQpwaXAgaW5zdGFsbCAtLXVwZ3JhZGUgcGlwDQpwaXAgaW5zdGFsbCBGbGFzayBGbGFzay1TUUxBbGNoZW15IEZsYXNrLUNPUlMgUHlNeVNRTCBndW5pY29ybiBweXRob24tZG90ZW52DQoNCiMgQ3JlYXRlIGJhc2ljIEZsYXNrIGFwcCBzdHJ1Y3R1cmUgaWYgbm90IGNsb25lZA0KaWYgWyAhIC1mICJydW4ucHkiIF07IHRoZW4NCiAgICBjYXQgPiByZXF1aXJlbWVudHMudHh0IDw8J1JFUUVPRicNCkZsYXNrPT0zLjAuMA0KRmxhc2stU1FMQWxjaGVteT09My4xLjENCkZsYXNrLUNPUlM9PTQuMC4wDQpQeU15U1FMPT0xLjEuMA0KcHl0aG9uLWRvdGVudj09MS4wLjANCmd1bmljb3JuPT0yMS4yLjANCldlcmt6ZXVnPT0zLjAuMQ0KUkVRRU9GDQogICAgDQogICAgcGlwIGluc3RhbGwgLXIgcmVxdWlyZW1lbnRzLnR4dA0KICAgIA0KICAgICMgQ3JlYXRlIGFwcGxpY2F0aW9uIGZpbGVzIChzaW1wbGlmaWVkIHZlcnNpb25zKQ0KICAgIG1rZGlyIC1wIHN0YXRpYy9jc3Mgc3RhdGljL2pzIHRlbXBsYXRlcw0KICAgIA0KICAgIGNhdCA+IGNvbmZpZy5weSA8PCdDRkdFT0YnDQppbXBvcnQgb3MNCmZyb20gZGF0ZXRpbWUgaW1wb3J0IHRpbWVkZWx0YQ0KDQpjbGFzcyBDb25maWc6DQogICAgU0VDUkVUX0tFWSA9IG9zLmVudmlyb24uZ2V0KCdTRUNSRVRfS0VZJykgb3IgJ2Rldi1rZXknDQogICAgU1FMQUxDSEVNWV9UUkFDS19NT0RJRklDQVRJT05TID0gRmFsc2UNCiAgICBTUUxBTENIRU1ZX0RBVEFCQVNFX1VSSSA9IG9zLmVudmlyb24uZ2V0KCdEQVRBQkFTRV9VUkwnKSBvciAnbXlzcWwrcHlteXNxbDovL2FkbWluOnBhc3N3b3JkQGxvY2FsaG9zdDozMzA2L21vbm9saXRoZGInDQoNCmNvbmZpZyA9IHsnZGVmYXVsdCc6IENvbmZpZywgJ3Byb2R1Y3Rpb24nOiBDb25maWcsICdkZXZlbG9wbWVudCc6IENvbmZpZ30NCkNGR0VPRg0KDQogICAgY2F0ID4gbW9kZWxzLnB5IDw8J01PREVPRicNCmZyb20gZGF0ZXRpbWUgaW1wb3J0IGRhdGV0aW1lDQpmcm9tIGZsYXNrX3NxbGFsY2hlbXkgaW1wb3J0IFNRTEFsY2hlbXkNCg0KZGIgPSBTUUxBbGNoZW15KCkNCg0KY2xhc3MgUHJvamVjdChkYi5Nb2RlbCk6DQogICAgX190YWJsZW5hbWVfXyA9ICdwcm9qZWN0cycNCiAgICBpZCA9IGRiLkNvbHVtbihkYi5JbnRlZ2VyLCBwcmltYXJ5X2tleT1UcnVlKQ0KICAgIG5hbWUgPSBkYi5Db2x1bW4oZGIuU3RyaW5nKDI1NSksIG51bGxhYmxlPUZhbHNlLCB1bmlxdWU9VHJ1ZSkNCiAgICBkZXNjcmlwdGlvbiA9IGRiLkNvbHVtbihkYi5UZXh0KQ0KICAgIHN0YXR1cyA9IGRiLkNvbHVtbihkYi5TdHJpbmcoNTApLCBkZWZhdWx0PSdwbGFubmluZycpDQogICAgb3duZXIgPSBkYi5Db2x1bW4oZGIuU3RyaW5nKDI1NSkpDQogICAgYnVkZ2V0ID0gZGIuQ29sdW1uKGRiLkZsb2F0LCBkZWZhdWx0PTApDQogICAgY3JlYXRlZF9hdCA9IGRiLkNvbHVtbihkYi5EYXRlVGltZSwgZGVmYXVsdD1kYXRldGltZS51dGNub3cpDQogICAgdXBkYXRlZF9hdCA9IGRiLkNvbHVtbihkYi5EYXRlVGltZSwgZGVmYXVsdD1kYXRldGltZS51dGNub3csIG9udXBkYXRlPWRhdGV0aW1lLnV0Y25vdykNCg0KY2xhc3MgSW52ZW50b3J5SXRlbShkYi5Nb2RlbCk6DQogICAgX190YWJsZW5hbWVfXyA9ICdpbnZlbnRvcnlfaXRlbXMnDQogICAgaWQgPSBkYi5Db2x1bW4oZGIuSW50ZWdlciwgcHJpbWFyeV9rZXk9VHJ1ZSkNCiAgICBuYW1lID0gZGIuQ29sdW1uKGRiLlN0cmluZygyNTUpLCBudWxsYWJsZT1GYWxzZSkNCiAgICBza3UgPSBkYi5Db2x1bW4oZGIuU3RyaW5nKDUwKSwgbnVsbGFibGU9RmFsc2UsIHVuaXF1ZT1UcnVlKQ0KICAgIHF1YW50aXR5ID0gZGIuQ29sdW1uKGRiLkludGVnZXIsIGRlZmF1bHQ9MCkNCiAgICB1bml0X3ByaWNlID0gZGIuQ29sdW1uKGRiLkZsb2F0LCBkZWZhdWx0PTApDQogICAgY2F0ZWdvcnkgPSBkYi5Db2x1bW4oZGIuU3RyaW5nKDEwMCkpDQogICAgY3JlYXRlZF9hdCA9IGRiLkNvbHVtbihkYi5EYXRlVGltZSwgZGVmYXVsdD1kYXRldGltZS51dGNub3cpDQoNCmNsYXNzIENvbnRhY3QoZGIuTW9kZWwpOg0KICAgIF9fdGFibGVuYW1lX18gPSAnY29udGFjdHMnDQogICAgaWQgPSBkYi5Db2x1bW4oZGIuSW50ZWdlciwgcHJpbWFyeV9rZXk9VHJ1ZSkNCiAgICBmaXJzdF9uYW1lID0gZGIuQ29sdW1uKGRiLlN0cmluZygxMDApKQ0KICAgIGxhc3RfbmFtZSA9IGRiLkNvbHVtbihkYi5TdHJpbmcoMTAwKSkNCiAgICBlbWFpbCA9IGRiLkNvbHVtbihkYi5TdHJpbmcoMjU1KSwgdW5pcXVlPVRydWUpDQogICAgcGhvbmUgPSBkYi5Db2x1bW4oZGIuU3RyaW5nKDIwKSkNCiAgICBkZXBhcnRtZW50ID0gZGIuQ29sdW1uKGRiLlN0cmluZygxMDApKQ0KICAgIGNyZWF0ZWRfYXQgPSBkYi5Db2x1bW4oZGIuRGF0ZVRpbWUsIGRlZmF1bHQ9ZGF0ZXRpbWUudXRjbm93KQ0KTU9ERU9GDQoNCiAgICBjYXQgPiBfX2luaXRfXy5weSA8PCdJTklURU9GJw0KZnJvbSBmbGFzayBpbXBvcnQgRmxhc2sNCmZyb20gZmxhc2tfY29ycyBpbXBvcnQgQ09SUw0KZnJvbSBjb25maWcgaW1wb3J0IGNvbmZpZw0KZnJvbSBtb2RlbHMgaW1wb3J0IGRiDQoNCmRlZiBjcmVhdGVfYXBwKGNvbmZpZ19uYW1lPSdkZWZhdWx0Jyk6DQogICAgYXBwID0gRmxhc2soX19uYW1lX18pDQogICAgYXBwLmNvbmZpZy5mcm9tX29iamVjdChjb25maWdbY29uZmlnX25hbWVdKQ0KICAgIGRiLmluaXRfYXBwKGFwcCkNCiAgICBDT1JTKGFwcCkNCiAgICANCiAgICB3aXRoIGFwcC5hcHBfY29udGV4dCgpOg0KICAgICAgICBkYi5jcmVhdGVfYWxsKCkNCiAgICANCiAgICBmcm9tIHJvdXRlcyBpbXBvcnQgYXBpX2JwLCB3ZWJfYnANCiAgICBhcHAucmVnaXN0ZXJfYmx1ZXByaW50KGFwaV9icCwgdXJsX3ByZWZpeD0nL2FwaScpDQogICAgYXBwLnJlZ2lzdGVyX2JsdWVwcmludCh3ZWJfYnApDQogICAgDQogICAgcmV0dXJuIGFwcA0KSU5JVEVPRg0KDQogICAgY2F0ID4gcm91dGVzLnB5IDw8J1JPVVRFT0YnDQpmcm9tIGZsYXNrIGltcG9ydCBCbHVlcHJpbnQsIHJlbmRlcl90ZW1wbGF0ZSwganNvbmlmeSwgcmVxdWVzdA0KZnJvbSBtb2RlbHMgaW1wb3J0IGRiLCBQcm9qZWN0LCBJbnZlbnRvcnlJdGVtLCBDb250YWN0DQpmcm9tIGRhdGV0aW1lIGltcG9ydCBkYXRldGltZQ0KDQphcGlfYnAgPSBCbHVlcHJpbnQoJ2FwaScsIF9fbmFtZV9fKQ0Kd2ViX2JwID0gQmx1ZXByaW50KCd3ZWInLCBfX25hbWVfXykNCg0KQHdlYl9icC5yb3V0ZSgnLycpDQpkZWYgaW5kZXgoKToNCiAgICByZXR1cm4gcmVuZGVyX3RlbXBsYXRlKCdpbmRleC5odG1sJykNCg0KQGFwaV9icC5yb3V0ZSgnL2hlYWx0aCcpDQpkZWYgaGVhbHRoKCk6DQogICAgcmV0dXJuIGpzb25pZnkoeydzdGF0dXMnOiAnaGVhbHRoeScsICd0aW1lc3RhbXAnOiBkYXRldGltZS51dGNub3coKS5pc29mb3JtYXQoKX0pDQoNCkBhcGlfYnAucm91dGUoJy9wcm9qZWN0cycsIG1ldGhvZHM9WydHRVQnXSkNCmRlZiBnZXRfcHJvamVjdHMoKToNCiAgICBwcm9qZWN0cyA9IFByb2plY3QucXVlcnkuYWxsKCkNCiAgICByZXR1cm4ganNvbmlmeShbeydpZCc6IHAuaWQsICduYW1lJzogcC5uYW1lLCAnc3RhdHVzJzogcC5zdGF0dXMsICdidWRnZXQnOiBwLmJ1ZGdldH0gZm9yIHAgaW4gcHJvamVjdHNdKQ0KDQpAYXBpX2JwLnJvdXRlKCcvcHJvamVjdHMnLCBtZXRob2RzPVsnUE9TVCddKQ0KZGVmIGNyZWF0ZV9wcm9qZWN0KCk6DQogICAgZGF0YSA9IHJlcXVlc3QuZ2V0X2pzb24oKQ0KICAgIHByb2plY3QgPSBQcm9qZWN0KG5hbWU9ZGF0YS5nZXQoJ25hbWUnKSwgb3duZXI9ZGF0YS5nZXQoJ293bmVyJywgJ1Vua25vd24nKSwgYnVkZ2V0PWZsb2F0KGRhdGEuZ2V0KCdidWRnZXQnLCAwKSkpDQogICAgZGIuc2Vzc2lvbi5hZGQocHJvamVjdCkNCiAgICBkYi5zZXNzaW9uLmNvbW1pdCgpDQogICAgcmV0dXJuIGpzb25pZnkoeydpZCc6IHByb2plY3QuaWQsICduYW1lJzogcHJvamVjdC5uYW1lfSksIDIwMQ0KDQpAYXBpX2JwLnJvdXRlKCcvaW52ZW50b3J5JywgbWV0aG9kcz1bJ0dFVCddKQ0KZGVmIGdldF9pbnZlbnRvcnkoKToNCiAgICBpdGVtcyA9IEludmVudG9yeUl0ZW0ucXVlcnkuYWxsKCkNCiAgICByZXR1cm4ganNvbmlmeShbeydpZCc6IGkuaWQsICduYW1lJzogaS5uYW1lLCAnc2t1JzogaS5za3UsICdxdWFudGl0eSc6IGkucXVhbnRpdHl9IGZvciBpIGluIGl0ZW1zXSkNCg0KQGFwaV9icC5yb3V0ZSgnL2NvbnRhY3RzJywgbWV0aG9kcz1bJ0dFVCddKQ0KZGVmIGdldF9jb250YWN0cygpOg0KICAgIGNvbnRhY3RzID0gQ29udGFjdC5xdWVyeS5hbGwoKQ0KICAgIHJldHVybiBqc29uaWZ5KFt7J2lkJzogYy5pZCwgJ2ZpcnN0X25hbWUnOiBjLmZpcnN0X25hbWUsICdsYXN0X25hbWUnOiBjLmxhc3RfbmFtZSwgJ2VtYWlsJzogYy5lbWFpbH0gZm9yIGMgaW4gY29udGFjdHNdKQ0KUk9VVEVPRg0KDQogICAgbWtkaXIgLXAgdGVtcGxhdGVzDQogICAgY2F0ID4gdGVtcGxhdGVzL2luZGV4Lmh0bWwgPDwnSFRNTEVPRicNCjwhRE9DVFlQRSBodG1sPg0KPGh0bWw+DQo8aGVhZD4NCiAgICA8bWV0YSBjaGFyc2V0PSJVVEYtOCI+DQogICAgPG1ldGEgbmFtZT0idmlld3BvcnQiIGNvbnRlbnQ9IndpZHRoPWRldmljZS13aWR0aCwgaW5pdGlhbC1zY2FsZT0xLjAiPg0KICAgIDx0aXRsZT5BV1MgTW9ub2xpdGg8L3RpdGxlPg0KICAgIDxzdHlsZT4NCiAgICAgICAgKiB7IG1hcmdpbjogMDsgcGFkZGluZzogMDsgYm94LXNpemluZzogYm9yZGVyLWJveDsgfQ0KICAgICAgICBib2R5IHsgZm9udC1mYW1pbHk6IEFyaWFsLCBzYW5zLXNlcmlmOyBiYWNrZ3JvdW5kOiAjZjVmNWY1OyB9DQogICAgICAgIG5hdiB7IGJhY2tncm91bmQ6ICMyMzJGM0U7IGNvbG9yOiAjRkY5OTAwOyBwYWRkaW5nOiAxcmVtOyB9DQogICAgICAgIC5jb250YWluZXIgeyBtYXgtd2lkdGg6IDEyMDBweDsgbWFyZ2luOiAycmVtIGF1dG87IHBhZGRpbmc6IDAgMjBweDsgfQ0KICAgICAgICBoMSB7IGNvbG9yOiAjMjMyRjNFOyBtYXJnaW4tYm90dG9tOiAxcmVtOyB9DQogICAgICAgIC5kYXNoYm9hcmQgeyBkaXNwbGF5OiBncmlkOyBncmlkLXRlbXBsYXRlLWNvbHVtbnM6IHJlcGVhdChhdXRvLWZpdCwgbWlubWF4KDI1MHB4LCAxZnIpKTsgZ2FwOiAycmVtOyB9DQogICAgICAgIC5jYXJkIHsgYmFja2dyb3VuZDogd2hpdGU7IHBhZGRpbmc6IDJyZW07IGJvcmRlci1yYWRpdXM6IDhweDsgYm94LXNoYWRvdzogMCAycHggNHB4IHJnYmEoMCwwLDAsMC4xKTsgfQ0KICAgICAgICAuY2FyZCBoMyB7IGNvbG9yOiAjRkY5OTAwOyBtYXJnaW4tYm90dG9tOiAxcmVtOyB9DQogICAgICAgIC5jYXJkIHAgeyBjb2xvcjogIzY2NjsgfQ0KICAgICAgICAuc3RhdHVzIHsgYmFja2dyb3VuZDogIzI4YTc0NTsgY29sb3I6IHdoaXRlOyBwYWRkaW5nOiAwLjVyZW0gMXJlbTsgYm9yZGVyLXJhZGl1czogNHB4OyB9DQogICAgICAgIGZvb3RlciB7IHRleHQtYWxpZ246IGNlbnRlcjsgcGFkZGluZzogMnJlbTsgY29sb3I6ICM2NjY7IG1hcmdpbi10b3A6IDRyZW07IH0NCiAgICA8L3N0eWxlPg0KPC9oZWFkPg0KPGJvZHk+DQogICAgPG5hdj4NCiAgICAgICAgPGRpdiBjbGFzcz0iY29udGFpbmVyIj4NCiAgICAgICAgICAgIDxoMj5BV1MgTW9ub2xpdGggLSBJbnRlcm5hbCBCdXNpbmVzcyBNYW5hZ2VtZW50PC9oMj4NCiAgICAgICAgPC9kaXY+DQogICAgPC9uYXY+DQogICAgPG1haW4gY2xhc3M9ImNvbnRhaW5lciI+DQogICAgICAgIDxoMT5XZWxjb21lIHRvIEFXUyBNb25vbGl0aDwvaDE+DQogICAgICAgIDxwPlByb2R1Y3Rpb24tcmVhZHkgaW50ZXJuYWwgYnVzaW5lc3MgYXBwbGljYXRpb24gcnVubmluZyBvbiBBV1M8L3A+DQogICAgICAgIA0KICAgICAgICA8ZGl2IGNsYXNzPSJkYXNoYm9hcmQiPg0KICAgICAgICAgICAgPGRpdiBjbGFzcz0iY2FyZCI+DQogICAgICAgICAgICAgICAgPGgzPlByb2plY3RzPC9oMz4NCiAgICAgICAgICAgICAgICA8cD5NYW5hZ2UgcHJvamVjdHMgYW5kIHRpbWVsaW5lczwvcD4NCiAgICAgICAgICAgICAgICA8ZGl2IGNsYXNzPSJzdGF0dXMiPkFjdGl2ZTwvZGl2Pg0KICAgICAgICAgICAgPC9kaXY+DQogICAgICAgICAgICA8ZGl2IGNsYXNzPSJjYXJkIj4NCiAgICAgICAgICAgICAgICA8aDM+SW52ZW50b3J5PC9oMz4NCiAgICAgICAgICAgICAgICA8cD5UcmFjayBpbnZlbnRvcnkgaXRlbXM8L3A+DQogICAgICAgICAgICAgICAgPGRpdiBjbGFzcz0ic3RhdHVzIj5BY3RpdmU8L2Rpdj4NCiAgICAgICAgICAgIDwvZGl2Pg0KICAgICAgICAgICAgPGRpdiBjbGFzcz0iY2FyZCI+DQogICAgICAgICAgICAgICAgPGgzPkNvbnRhY3RzPC9oMz4NCiAgICAgICAgICAgICAgICA8cD5JbnRlcm5hbCBDUk0gYW5kIGNvbnRhY3RzPC9wPg0KICAgICAgICAgICAgICAgIDxkaXYgY2xhc3M9InN0YXR1cyI+QWN0aXZlPC9kaXY+DQogICAgICAgICAgICA8L2Rpdj4NCiAgICAgICAgPC9kaXY+DQogICAgICAgIA0KICAgICAgICA8aDIgc3R5bGU9Im1hcmdpbi10b3A6IDNyZW07Ij5BUEkgU3RhdHVzPC9oMj4NCiAgICAgICAgPHAgaWQ9ImFwaS1zdGF0dXMiPkNoZWNraW5nIEFQSS4uLjwvcD4NCiAgICA8L21haW4+DQogICAgPGZvb3Rlcj4NCiAgICAgICAgPHA+JmNvcHk7IDIwMjYgQVdTIE1vbm9saXRoIC0gUnVubmluZyBvbiBBV1MgSW5mcmFzdHJ1Y3R1cmU8L3A+DQogICAgPC9mb290ZXI+DQogICAgDQogICAgPHNjcmlwdD4NCiAgICAgICAgZmV0Y2goJy9hcGkvaGVhbHRoJykNCiAgICAgICAgICAgIC50aGVuKHIgPT4gci5qc29uKCkpDQogICAgICAgICAgICAudGhlbihkYXRhID0+IGRvY3VtZW50LmdldEVsZW1lbnRCeUlkKCdhcGktc3RhdHVzJykudGV4dENvbnRlbnQgPSAn4pyTIEFQSSBpcyBoZWFsdGh5IC0gJyArIGRhdGEudGltZXN0YW1wKQ0KICAgICAgICAgICAgLmNhdGNoKCgpID0+IGRvY3VtZW50LmdldEVsZW1lbnRCeUlkKCdhcGktc3RhdHVzJykudGV4dENvbnRlbnQgPSAn4pqgIEFQSSBjb25uZWN0aW9uIGZhaWxlZCcpOw0KICAgIDwvc2NyaXB0Pg0KPC9ib2R5Pg0KPC9odG1sPg0KSFRNTEVPRg0KZmkNCg0KIyBDcmVhdGUgc3lzdGVtZCBzZXJ2aWNlDQpjYXQgPiAvZXRjL3N5c3RlbWQvc3lzdGVtL21vbm9saXRoLnNlcnZpY2UgPDwnU1ZDRU9GJw0KW1VuaXRdDQpEZXNjcmlwdGlvbj1BV1MgTW9ub2xpdGggQXBwbGljYXRpb24NCkFmdGVyPW5ldHdvcmsudGFyZ2V0DQoNCltTZXJ2aWNlXQ0KVXNlcj1lYzItdXNlcg0KV29ya2luZ0RpcmVjdG9yeT0vb3B0L21vbm9saXRoDQpFbnZpcm9ubWVudD0iUEFUSD0vb3B0L21vbm9saXRoL3ZlbnYvYmluIg0KRXhlY1N0YXJ0PS9vcHQvbW9ub2xpdGgvdmVudi9iaW4vZ3VuaWNvcm4gLS13b3JrZXJzIDIgLS1iaW5kIDAuMC4wLjA6NTAwMCBydW46YXBwDQpSZXN0YXJ0PW9uLWZhaWx1cmUNClJlc3RhcnRTZWM9MTANCg0KW0luc3RhbGxdDQpXYW50ZWRCeT1tdWx0aS11c2VyLnRhcmdldA0KU1ZDRU9GDQoNCiMgQ29uZmlndXJlIE5naW54DQpjYXQgPiAvZXRjL25naW54L2NvbmYuZC9tb25vbGl0aC5jb25mIDw8J05HWEVPRicNCnVwc3RyZWFtIG1vbm9saXRoIHsNCiAgICBzZXJ2ZXIgMTI3LjAuMC4xOjUwMDA7DQp9DQoNCnNlcnZlciB7DQogICAgbGlzdGVuIDgwOw0KICAgIHNlcnZlcl9uYW1lIF87DQoNCiAgICBsb2NhdGlvbiAvIHsNCiAgICAgICAgcHJveHlfcGFzcyBodHRwOi8vbW9ub2xpdGg7DQogICAgICAgIHByb3h5X3NldF9oZWFkZXIgSG9zdCAkaG9zdDsNCiAgICAgICAgcHJveHlfc2V0X2hlYWRlciBYLVJlYWwtSVAgJHJlbW90ZV9hZGRyOw0KICAgICAgICBwcm94eV9zZXRfaGVhZGVyIFgtRm9yd2FyZGVkLUZvciAkcHJveHlfYWRkX3hfZm9yd2FyZGVkX2ZvcjsNCiAgICAgICAgcHJveHlfc2V0X2hlYWRlciBYLUZvcndhcmRlZC1Qcm90byAkc2NoZW1lOw0KICAgIH0NCn0NCk5HWEVPRg0KDQojIFN0YXJ0IHNlcnZpY2VzDQpzeXN0ZW1jdGwgZGFlbW9uLXJlbG9hZA0Kc3lzdGVtY3RsIGVuYWJsZSBtb25vbGl0aA0Kc3lzdGVtY3RsIHN0YXJ0IG1vbm9saXRoDQpzeXN0ZW1jdGwgZW5hYmxlIG5naW54DQpzeXN0ZW1jdGwgc3RhcnQgbmdpbngNCg0KIyBMb2cgY29tcGxldGlvbg0KZWNobyAiQVdTIE1vbm9saXRoIGFwcGxpY2F0aW9uIGRlcGxveWVkIHN1Y2Nlc3NmdWxseSIgPiAvdmFyL2xvZy9tb25vbGl0aC1zZXR1cC5sb2cNCg0K",
            "vpc_security_group_ids": [
              "sg-0e2559245f767f0f6"
            ]
          },
          "sensitive_attributes": [],
          "private": "bnVsbA==",
          "dependencies": [
            "aws_iam_instance_profile.ec2_profile",
            "aws_iam_role.ec2_role",
            "aws_security_group.alb",
            "aws_security_group.ec2",
            "aws_vpc.main",
            "data.aws_ami.amazon_linux_2"
          ],
          "create_before_destroy": true
        }
      ]
    },
    {
      "mode": "managed",
      "type": "aws_lb_target_group",
      "name": "app",
      "provider": "provider[\"registry.terraform.io/hashicorp/aws\"]",
      "instances": [
        {
          "schema_version": 0,
          "attributes": {
            "arn": "arn:aws:elasticloadbalancing:us-east-1:046228934234:targetgroup/aws-monolith-tg/b55415dc2dd9426b",
            "arn_suffix": "targetgroup/aws-monolith-tg/b55415dc2dd9426b",
            "connection_termination": null,
            "deregistration_delay": "300",
            "health_check": [
              {
                "enabled": true,
                "healthy_threshold": 2,
                "interval": 30,
                "matcher": "200",
                "path": "/",
                "port": "traffic-port",
                "protocol": "HTTP",
                "timeout": 3,
                "unhealthy_threshold": 2
              }
            ],
            "id": "arn:aws:elasticloadbalancing:us-east-1:046228934234:targetgroup/aws-monolith-tg/b55415dc2dd9426b",
            "ip_address_type": "ipv4",
            "lambda_multi_value_headers_enabled": false,
            "load_balancer_arns": [],
            "load_balancing_algorithm_type": "round_robin",
            "load_balancing_anomaly_mitigation": "off",
            "load_balancing_cross_zone_enabled": "use_load_balancer_configuration",
            "name": "aws-monolith-tg",
            "name_prefix": "",
            "port": 80,
            "preserve_client_ip": null,
            "protocol": "HTTP",
            "protocol_version": "HTTP1",
            "proxy_protocol_v2": false,
            "slow_start": 0,
            "stickiness": [
              {
                "cookie_duration": 86400,
                "cookie_name": "",
                "enabled": false,
                "type": "lb_cookie"
              }
            ],
            "tags": {
              "Name": "aws-monolith-tg"
            },
            "tags_all": {
              "Name": "aws-monolith-tg"
            },
            "target_failover": [
              {
                "on_deregistration": null,
                "on_unhealthy": null
              }
            ],
            "target_group_health": [
              {
                "dns_failover": [
                  {
                    "minimum_healthy_targets_count": "1",
                    "minimum_healthy_targets_percentage": "off"
                  }
                ],
                "unhealthy_state_routing": [
                  {
                    "minimum_healthy_targets_count": 1,
                    "minimum_healthy_targets_percentage": "off"
                  }
                ]
              }
            ],
            "target_health_state": [
              {
                "enable_unhealthy_connection_termination": null,
                "unhealthy_draining_interval": null
              }
            ],
            "target_type": "instance",
            "vpc_id": "vpc-0f7da0cd5b82f9b24"
          },
          "sensitive_attributes": [],
          "private": "bnVsbA==",
          "dependencies": [
            "aws_vpc.main"
          ],
          "create_before_destroy": true
        }
      ]
    },
    {
      "mode": "managed",
      "type": "aws_nat_gateway",
      "name": "main",
      "provider": "provider[\"registry.terraform.io/hashicorp/aws\"]",
      "instances": [
        {
          "schema_version": 0,
          "attributes": {
            "allocation_id": "eipalloc-054eaab2573e73b61",
            "association_id": "eipassoc-0520cb6c319b64136",
            "connectivity_type": "public",
            "id": "nat-0d7a5e30eaa879854",
            "network_interface_id": "eni-0e5e8539fdfe132fb",
            "private_ip": "10.0.1.109",
            "public_ip": "100.49.169.68",
            "secondary_allocation_ids": [],
            "secondary_private_ip_address_count": 0,
            "secondary_private_ip_addresses": [],
            "subnet_id": "subnet-05b7fd92792bfd7f3",
            "tags": {
              "Name": "aws-monolith-nat-gateway"
            },
            "tags_all": {
              "Name": "aws-monolith-nat-gateway"
            },
            "timeouts": null
          },
          "sensitive_attributes": [],
          "private": "eyJlMmJmYjczMC1lY2FhLTExZTYtOGY4OC0zNDM2M2JjN2M0YzAiOnsiY3JlYXRlIjo2MDAwMDAwMDAwMDAsImRlbGV0ZSI6MTgwMDAwMDAwMDAwMCwidXBkYXRlIjo2MDAwMDAwMDAwMDB9fQ==",
          "dependencies": [
            "aws_eip.nat",
            "aws_internet_gateway.main",
            "aws_subnet.public_1",
            "aws_vpc.main",
            "data.aws_availability_zones.available"
          ]
        }
      ]
    },
    {
      "mode": "managed",
      "type": "aws_route_table",
      "name": "private",
      "provider": "provider[\"registry.terraform.io/hashicorp/aws\"]",
      "instances": [
        {
          "schema_version": 0,
          "attributes": {
            "arn": "arn:aws:ec2:us-east-1:046228934234:route-table/rtb-05611836f96af9266",
            "id": "rtb-05611836f96af9266",
            "owner_id": "046228934234",
            "propagating_vgws": [],
            "route": [
              {
                "carrier_gateway_id": "",
                "cidr_block": "0.0.0.0/0",
                "core_network_arn": "",
                "destination_prefix_list_id": "",
                "egress_only_gateway_id": "",
                "gateway_id": "",
                "ipv6_cidr_block": "",
                "local_gateway_id": "",
                "nat_gateway_id": "nat-0d7a5e30eaa879854",
                "network_interface_id": "",
                "transit_gateway_id": "",
                "vpc_endpoint_id": "",
                "vpc_peering_connection_id": ""
              }
            ],
            "tags": {
              "Name": "aws-monolith-private-rt"
            },
            "tags_all": {
              "Name": "aws-monolith-private-rt"
            },
            "timeouts": null,
            "vpc_id": "vpc-0f7da0cd5b82f9b24"
          },
          "sensitive_attributes": [],
          "private": "eyJlMmJmYjczMC1lY2FhLTExZTYtOGY4OC0zNDM2M2JjN2M0YzAiOnsiY3JlYXRlIjozMDAwMDAwMDAwMDAsImRlbGV0ZSI6MzAwMDAwMDAwMDAwLCJ1cGRhdGUiOjEyMDAwMDAwMDAwMH19",
          "dependencies": [
            "aws_eip.nat",
            "aws_internet_gateway.main",
            "aws_nat_gateway.main",
            "aws_subnet.public_1",
            "aws_vpc.main",
            "data.aws_availability_zones.available"
          ]
        }
      ]
    },
    {
      "mode": "managed",
      "type": "aws_route_table",
      "name": "public",
      "provider": "provider[\"registry.terraform.io/hashicorp/aws\"]",
      "instances": [
        {
          "schema_version": 0,
          "attributes": {
            "arn": "arn:aws:ec2:us-east-1:046228934234:route-table/rtb-044f6fbe26c842ec8",
            "id": "rtb-044f6fbe26c842ec8",
            "owner_id": "046228934234",
            "propagating_vgws": [],
            "route": [
              {
                "carrier_gateway_id": "",
                "cidr_block": "0.0.0.0/0",
                "core_network_arn": "",
                "destination_prefix_list_id": "",
                "egress_only_gateway_id": "",
                "gateway_id": "igw-0caa87d535c13d105",
                "ipv6_cidr_block": "",
                "local_gateway_id": "",
                "nat_gateway_id": "",
                "network_interface_id": "",
                "transit_gateway_id": "",
                "vpc_endpoint_id": "",
                "vpc_peering_connection_id": ""
              }
            ],
            "tags": {
              "Name": "aws-monolith-public-rt"
            },
            "tags_all": {
              "Name": "aws-monolith-public-rt"
            },
            "timeouts": null,
            "vpc_id": "vpc-0f7da0cd5b82f9b24"
          },
          "sensitive_attributes": [],
          "private": "eyJlMmJmYjczMC1lY2FhLTExZTYtOGY4OC0zNDM2M2JjN2M0YzAiOnsiY3JlYXRlIjozMDAwMDAwMDAwMDAsImRlbGV0ZSI6MzAwMDAwMDAwMDAwLCJ1cGRhdGUiOjEyMDAwMDAwMDAwMH19",
          "dependencies": [
            "aws_internet_gateway.main",
            "aws_vpc.main"
          ]
        }
      ]
    },
    {
      "mode": "managed",
      "type": "aws_route_table_association",
      "name": "private_1",
      "provider": "provider[\"registry.terraform.io/hashicorp/aws\"]",
      "instances": [
        {
          "schema_version": 0,
          "attributes": {
            "gateway_id": "",
            "id": "rtbassoc-04257995b8981e862",
            "route_table_id": "rtb-05611836f96af9266",
            "subnet_id": "subnet-01ca713a356caeed2",
            "timeouts": null
          },
          "sensitive_attributes": [],
          "private": "eyJlMmJmYjczMC1lY2FhLTExZTYtOGY4OC0zNDM2M2JjN2M0YzAiOnsiY3JlYXRlIjozMDAwMDAwMDAwMDAsImRlbGV0ZSI6MzAwMDAwMDAwMDAwLCJ1cGRhdGUiOjEyMDAwMDAwMDAwMH19",
          "dependencies": [
            "aws_eip.nat",
            "aws_internet_gateway.main",
            "aws_nat_gateway.main",
            "aws_route_table.private",
            "aws_subnet.private_1",
            "aws_subnet.public_1",
            "aws_vpc.main",
            "data.aws_availability_zones.available"
          ]
        }
      ]
    },
    {
      "mode": "managed",
      "type": "aws_route_table_association",
      "name": "private_2",
      "provider": "provider[\"registry.terraform.io/hashicorp/aws\"]",
      "instances": [
        {
          "schema_version": 0,
          "attributes": {
            "gateway_id": "",
            "id": "rtbassoc-0db033c7d13fddff6",
            "route_table_id": "rtb-05611836f96af9266",
            "subnet_id": "subnet-04b7cdc79438e4f86",
            "timeouts": null
          },
          "sensitive_attributes": [],
          "private": "eyJlMmJmYjczMC1lY2FhLTExZTYtOGY4OC0zNDM2M2JjN2M0YzAiOnsiY3JlYXRlIjozMDAwMDAwMDAwMDAsImRlbGV0ZSI6MzAwMDAwMDAwMDAwLCJ1cGRhdGUiOjEyMDAwMDAwMDAwMH19",
          "dependencies": [
            "aws_eip.nat",
            "aws_internet_gateway.main",
            "aws_nat_gateway.main",
            "aws_route_table.private",
            "aws_subnet.private_2",
            "aws_subnet.public_1",
            "aws_vpc.main",
            "data.aws_availability_zones.available"
          ]
        }
      ]
    },
    {
      "mode": "managed",
      "type": "aws_route_table_association",
      "name": "public_1",
      "provider": "provider[\"registry.terraform.io/hashicorp/aws\"]",
      "instances": [
        {
          "schema_version": 0,
          "attributes": {
            "gateway_id": "",
            "id": "rtbassoc-021149eac60795941",
            "route_table_id": "rtb-044f6fbe26c842ec8",
            "subnet_id": "subnet-05b7fd92792bfd7f3",
            "timeouts": null
          },
          "sensitive_attributes": [],
          "private": "eyJlMmJmYjczMC1lY2FhLTExZTYtOGY4OC0zNDM2M2JjN2M0YzAiOnsiY3JlYXRlIjozMDAwMDAwMDAwMDAsImRlbGV0ZSI6MzAwMDAwMDAwMDAwLCJ1cGRhdGUiOjEyMDAwMDAwMDAwMH19",
          "dependencies": [
            "aws_internet_gateway.main",
            "aws_route_table.public",
            "aws_subnet.public_1",
            "aws_vpc.main",
            "data.aws_availability_zones.available"
          ]
        }
      ]
    },
    {
      "mode": "managed",
      "type": "aws_route_table_association",
      "name": "public_2",
      "provider": "provider[\"registry.terraform.io/hashicorp/aws\"]",
      "instances": [
        {
          "schema_version": 0,
          "attributes": {
            "gateway_id": "",
            "id": "rtbassoc-0addefa01c670156d",
            "route_table_id": "rtb-044f6fbe26c842ec8",
            "subnet_id": "subnet-0ae17a4f4d4450a83",
            "timeouts": null
          },
          "sensitive_attributes": [],
          "private": "eyJlMmJmYjczMC1lY2FhLTExZTYtOGY4OC0zNDM2M2JjN2M0YzAiOnsiY3JlYXRlIjozMDAwMDAwMDAwMDAsImRlbGV0ZSI6MzAwMDAwMDAwMDAwLCJ1cGRhdGUiOjEyMDAwMDAwMDAwMH19",
          "dependencies": [
            "aws_internet_gateway.main",
            "aws_route_table.public",
            "aws_subnet.public_2",
            "aws_vpc.main",
            "data.aws_availability_zones.available"
          ]
        }
      ]
    },
    {
      "mode": "managed",
      "type": "aws_s3_bucket",
      "name": "app",
      "provider": "provider[\"registry.terraform.io/hashicorp/aws\"]",
      "instances": [
        {
          "schema_version": 0,
          "attributes": {
            "acceleration_status": "",
            "acl": null,
            "arn": "arn:aws:s3:::aws-monolith-app-bucket-046228934234",
            "bucket": "aws-monolith-app-bucket-046228934234",
            "bucket_domain_name": "aws-monolith-app-bucket-046228934234.s3.amazonaws.com",
            "bucket_prefix": "",
            "bucket_regional_domain_name": "aws-monolith-app-bucket-046228934234.s3.us-east-1.amazonaws.com",
            "cors_rule": [],
            "force_destroy": false,
            "grant": [
              {
                "id": "c8dbcf3f7b63681d81f49cdf389622853710fd48850bd07b5a3b172e45e6849f",
                "permissions": [
                  "FULL_CONTROL"
                ],
                "type": "CanonicalUser",
                "uri": ""
              }
            ],
            "hosted_zone_id": "Z3AQBSTGFYJSTF",
            "id": "aws-monolith-app-bucket-046228934234",
            "lifecycle_rule": [],
            "logging": [],
            "object_lock_configuration": [],
            "object_lock_enabled": false,
            "policy": "{\"Statement\":[{\"Action\":\"s3:GetObject\",\"Effect\":\"Allow\",\"Principal\":{\"AWS\":\"arn:aws:iam::cloudfront:user/CloudFront Origin Access Identity EUQNXVWRFNZQH\"},\"Resource\":\"arn:aws:s3:::aws-monolith-app-bucket-046228934234/*\"}],\"Version\":\"2012-10-17\"}",
            "region": "us-east-1",
            "replication_configuration": [],
            "request_payer": "BucketOwner",
            "server_side_encryption_configuration": [
              {
                "rule": [
                  {
                    "apply_server_side_encryption_by_default": [
                      {
                        "kms_master_key_id": "",
                        "sse_algorithm": "AES256"
                      }
                    ],
                    "bucket_key_enabled": false
                  }
                ]
              }
            ],
            "tags": {
              "Name": "aws-monolith-app-bucket"
            },
            "tags_all": {
              "Name": "aws-monolith-app-bucket"
            },
            "timeouts": null,
            "versioning": [
              {
                "enabled": true,
                "mfa_delete": false
              }
            ],
            "website": [],
            "website_domain": null,
            "website_endpoint": null
          },
          "sensitive_attributes": [],
          "private": "eyJlMmJmYjczMC1lY2FhLTExZTYtOGY4OC0zNDM2M2JjN2M0YzAiOnsiY3JlYXRlIjoxMjAwMDAwMDAwMDAwLCJkZWxldGUiOjM2MDAwMDAwMDAwMDAsInJlYWQiOjEyMDAwMDAwMDAwMDAsInVwZGF0ZSI6MTIwMDAwMDAwMDAwMH19",
          "dependencies": [
            "data.aws_caller_identity.current"
          ]
        }
      ]
    },
    {
      "mode": "managed",
      "type": "aws_s3_bucket_policy",
      "name": "app",
      "provider": "provider[\"registry.terraform.io/hashicorp/aws\"]",
      "instances": [
        {
          "schema_version": 0,
          "attributes": {
            "bucket": "aws-monolith-app-bucket-046228934234",
            "id": "aws-monolith-app-bucket-046228934234",
            "policy": "{\"Statement\":[{\"Action\":\"s3:GetObject\",\"Effect\":\"Allow\",\"Principal\":{\"AWS\":\"arn:aws:iam::cloudfront:user/CloudFront Origin Access Identity EUQNXVWRFNZQH\"},\"Resource\":\"arn:aws:s3:::aws-monolith-app-bucket-046228934234/*\"}],\"Version\":\"2012-10-17\"}"
          },
          "sensitive_attributes": [],
          "private": "bnVsbA==",
          "dependencies": [
            "aws_cloudfront_origin_access_identity.app",
            "aws_s3_bucket.app",
            "data.aws_caller_identity.current"
          ]
        }
      ]
    },
    {
      "mode": "managed",
      "type": "aws_s3_bucket_public_access_block",
      "name": "app",
      "provider": "provider[\"registry.terraform.io/hashicorp/aws\"]",
      "instances": [
        {
          "schema_version": 0,
          "attributes": {
            "block_public_acls": true,
            "block_public_policy": true,
            "bucket": "aws-monolith-app-bucket-046228934234",
            "id": "aws-monolith-app-bucket-046228934234",
            "ignore_public_acls": true,
            "restrict_public_buckets": true
          },
          "sensitive_attributes": [],
          "private": "bnVsbA==",
          "dependencies": [
            "aws_s3_bucket.app",
            "data.aws_caller_identity.current"
          ]
        }
      ]
    },
    {
      "mode": "managed",
      "type": "aws_s3_bucket_server_side_encryption_configuration",
      "name": "app",
      "provider": "provider[\"registry.terraform.io/hashicorp/aws\"]",
      "instances": [
        {
          "schema_version": 0,
          "attributes": {
            "bucket": "aws-monolith-app-bucket-046228934234",
            "expected_bucket_owner": "",
            "id": "aws-monolith-app-bucket-046228934234",
            "rule": [
              {
                "apply_server_side_encryption_by_default": [
                  {
                    "kms_master_key_id": "",
                    "sse_algorithm": "AES256"
                  }
                ],
                "bucket_key_enabled": false
              }
            ]
          },
          "sensitive_attributes": [],
          "private": "bnVsbA==",
          "dependencies": [
            "aws_s3_bucket.app",
            "data.aws_caller_identity.current"
          ]
        }
      ]
    },
    {
      "mode": "managed",
      "type": "aws_s3_bucket_versioning",
      "name": "app",
      "provider": "provider[\"registry.terraform.io/hashicorp/aws\"]",
      "instances": [
        {
          "schema_version": 0,
          "attributes": {
            "bucket": "aws-monolith-app-bucket-046228934234",
            "expected_bucket_owner": "",
            "id": "aws-monolith-app-bucket-046228934234",
            "mfa": null,
            "versioning_configuration": [
              {
                "mfa_delete": "",
                "status": "Enabled"
              }
            ]
          },
          "sensitive_attributes": [],
          "private": "bnVsbA==",
          "dependencies": [
            "aws_s3_bucket.app",
            "data.aws_caller_identity.current"
          ]
        }
      ]
    },
    {
      "mode": "managed",
      "type": "aws_security_group",
      "name": "alb",
      "provider": "provider[\"registry.terraform.io/hashicorp/aws\"]",
      "instances": [
        {
          "schema_version": 1,
          "attributes": {
            "arn": "arn:aws:ec2:us-east-1:046228934234:security-group/sg-0e8876bd4495ab301",
            "description": "Security group for ALB",
            "egress": [
              {
                "cidr_blocks": [
                  "0.0.0.0/0"
                ],
                "description": "",
                "from_port": 0,
                "ipv6_cidr_blocks": [],
                "prefix_list_ids": [],
                "protocol": "-1",
                "security_groups": [],
                "self": false,
                "to_port": 0
              }
            ],
            "id": "sg-0e8876bd4495ab301",
            "ingress": [
              {
                "cidr_blocks": [
                  "0.0.0.0/0"
                ],
                "description": "",
                "from_port": 443,
                "ipv6_cidr_blocks": [],
                "prefix_list_ids": [],
                "protocol": "tcp",
                "security_groups": [],
                "self": false,
                "to_port": 443
              },
              {
                "cidr_blocks": [
                  "0.0.0.0/0"
                ],
                "description": "",
                "from_port": 80,
                "ipv6_cidr_blocks": [],
                "prefix_list_ids": [],
                "protocol": "tcp",
                "security_groups": [],
                "self": false,
                "to_port": 80
              }
            ],
            "name": "aws-monolith-alb-sg",
            "name_prefix": "",
            "owner_id": "046228934234",
            "revoke_rules_on_delete": false,
            "tags": {
              "Name": "aws-monolith-alb-sg"
            },
            "tags_all": {
              "Name": "aws-monolith-alb-sg"
            },
            "timeouts": null,
            "vpc_id": "vpc-0f7da0cd5b82f9b24"
          },
          "sensitive_attributes": [],
          "private": "eyJlMmJmYjczMC1lY2FhLTExZTYtOGY4OC0zNDM2M2JjN2M0YzAiOnsiY3JlYXRlIjo2MDAwMDAwMDAwMDAsImRlbGV0ZSI6OTAwMDAwMDAwMDAwfSwic2NoZW1hX3ZlcnNpb24iOiIxIn0=",
          "dependencies": [
            "aws_vpc.main"
          ],
          "create_before_destroy": true
        }
      ]
    },
    {
      "mode": "managed",
      "type": "aws_security_group",
      "name": "ec2",
      "provider": "provider[\"registry.terraform.io/hashicorp/aws\"]",
      "instances": [
        {
          "schema_version": 1,
          "attributes": {
            "arn": "arn:aws:ec2:us-east-1:046228934234:security-group/sg-0e2559245f767f0f6",
            "description": "Security group for EC2 instances",
            "egress": [
              {
                "cidr_blocks": [
                  "0.0.0.0/0"
                ],
                "description": "",
                "from_port": 0,
                "ipv6_cidr_blocks": [],
                "prefix_list_ids": [],
                "protocol": "-1",
                "security_groups": [],
                "self": false,
                "to_port": 0
              }
            ],
            "id": "sg-0e2559245f767f0f6",
            "ingress": [
              {
                "cidr_blocks": [
                  "0.0.0.0/0"
                ],
                "description": "",
                "from_port": 22,
                "ipv6_cidr_blocks": [],
                "prefix_list_ids": [],
                "protocol": "tcp",
                "security_groups": [],
                "self": false,
                "to_port": 22
              },
              {
                "cidr_blocks": [],
                "description": "",
                "from_port": 443,
                "ipv6_cidr_blocks": [],
                "prefix_list_ids": [],
                "protocol": "tcp",
                "security_groups": [
                  "sg-0e8876bd4495ab301"
                ],
                "self": false,
                "to_port": 443
              },
              {
                "cidr_blocks": [],
                "description": "",
                "from_port": 80,
                "ipv6_cidr_blocks": [],
                "prefix_list_ids": [],
                "protocol": "tcp",
                "security_groups": [
                  "sg-0e8876bd4495ab301"
                ],
                "self": false,
                "to_port": 80
              }
            ],
            "name": "aws-monolith-ec2-sg",
            "name_prefix": "",
            "owner_id": "046228934234",
            "revoke_rules_on_delete": false,
            "tags": {
              "Name": "aws-monolith-ec2-sg"
            },
            "tags_all": {
              "Name": "aws-monolith-ec2-sg"
            },
            "timeouts": null,
            "vpc_id": "vpc-0f7da0cd5b82f9b24"
          },
          "sensitive_attributes": [],
          "private": "eyJlMmJmYjczMC1lY2FhLTExZTYtOGY4OC0zNDM2M2JjN2M0YzAiOnsiY3JlYXRlIjo2MDAwMDAwMDAwMDAsImRlbGV0ZSI6OTAwMDAwMDAwMDAwfSwic2NoZW1hX3ZlcnNpb24iOiIxIn0=",
          "dependencies": [
            "aws_security_group.alb",
            "aws_vpc.main"
          ],
          "create_before_destroy": true
        }
      ]
    },
    {
      "mode": "managed",
      "type": "aws_security_group",
      "name": "rds",
      "provider": "provider[\"registry.terraform.io/hashicorp/aws\"]",
      "instances": [
        {
          "schema_version": 1,
          "attributes": {
            "arn": "arn:aws:ec2:us-east-1:046228934234:security-group/sg-08ab57d48d9058cfa",
            "description": "Security group for RDS database",
            "egress": [
              {
                "cidr_blocks": [
                  "0.0.0.0/0"
                ],
                "description": "",
                "from_port": 0,
                "ipv6_cidr_blocks": [],
                "prefix_list_ids": [],
                "protocol": "-1",
                "security_groups": [],
                "self": false,
                "to_port": 0
              }
            ],
            "id": "sg-08ab57d48d9058cfa",
            "ingress": [
              {
                "cidr_blocks": [],
                "description": "",
                "from_port": 3306,
                "ipv6_cidr_blocks": [],
                "prefix_list_ids": [],
                "protocol": "tcp",
                "security_groups": [
                  "sg-0e2559245f767f0f6"
                ],
                "self": false,
                "to_port": 3306
              }
            ],
            "name": "aws-monolith-rds-sg",
            "name_prefix": "",
            "owner_id": "046228934234",
            "revoke_rules_on_delete": false,
            "tags": {
              "Name": "aws-monolith-rds-sg"
            },
            "tags_all": {
              "Name": "aws-monolith-rds-sg"
            },
            "timeouts": null,
            "vpc_id": "vpc-0f7da0cd5b82f9b24"
          },
          "sensitive_attributes": [],
          "private": "eyJlMmJmYjczMC1lY2FhLTExZTYtOGY4OC0zNDM2M2JjN2M0YzAiOnsiY3JlYXRlIjo2MDAwMDAwMDAwMDAsImRlbGV0ZSI6OTAwMDAwMDAwMDAwfSwic2NoZW1hX3ZlcnNpb24iOiIxIn0=",
          "dependencies": [
            "aws_security_group.alb",
            "aws_security_group.ec2",
            "aws_vpc.main"
          ]
        }
      ]
    },
    {
      "mode": "managed",
      "type": "aws_subnet",
      "name": "private_1",
      "provider": "provider[\"registry.terraform.io/hashicorp/aws\"]",
      "instances": [
        {
          "schema_version": 1,
          "attributes": {
            "arn": "arn:aws:ec2:us-east-1:046228934234:subnet/subnet-01ca713a356caeed2",
            "assign_ipv6_address_on_creation": false,
            "availability_zone": "us-east-1a",
            "availability_zone_id": "use1-az1",
            "cidr_block": "10.0.10.0/24",
            "customer_owned_ipv4_pool": "",
            "enable_dns64": false,
            "enable_lni_at_device_index": 0,
            "enable_resource_name_dns_a_record_on_launch": false,
            "enable_resource_name_dns_aaaa_record_on_launch": false,
            "id": "subnet-01ca713a356caeed2",
            "ipv6_cidr_block": "",
            "ipv6_cidr_block_association_id": "",
            "ipv6_native": false,
            "map_customer_owned_ip_on_launch": false,
            "map_public_ip_on_launch": false,
            "outpost_arn": "",
            "owner_id": "046228934234",
            "private_dns_hostname_type_on_launch": "ip-name",
            "tags": {
              "Name": "aws-monolith-private-subnet-1"
            },
            "tags_all": {
              "Name": "aws-monolith-private-subnet-1"
            },
            "timeouts": null,
            "vpc_id": "vpc-0f7da0cd5b82f9b24"
          },
          "sensitive_attributes": [],
          "private": "eyJlMmJmYjczMC1lY2FhLTExZTYtOGY4OC0zNDM2M2JjN2M0YzAiOnsiY3JlYXRlIjo2MDAwMDAwMDAwMDAsImRlbGV0ZSI6MTIwMDAwMDAwMDAwMH0sInNjaGVtYV92ZXJzaW9uIjoiMSJ9",
          "dependencies": [
            "aws_vpc.main",
            "data.aws_availability_zones.available"
          ],
          "create_before_destroy": true
        }
      ]
    },
    {
      "mode": "managed",
      "type": "aws_subnet",
      "name": "private_2",
      "provider": "provider[\"registry.terraform.io/hashicorp/aws\"]",
      "instances": [
        {
          "schema_version": 1,
          "attributes": {
            "arn": "arn:aws:ec2:us-east-1:046228934234:subnet/subnet-04b7cdc79438e4f86",
            "assign_ipv6_address_on_creation": false,
            "availability_zone": "us-east-1b",
            "availability_zone_id": "use1-az2",
            "cidr_block": "10.0.11.0/24",
            "customer_owned_ipv4_pool": "",
            "enable_dns64": false,
            "enable_lni_at_device_index": 0,
            "enable_resource_name_dns_a_record_on_launch": false,
            "enable_resource_name_dns_aaaa_record_on_launch": false,
            "id": "subnet-04b7cdc79438e4f86",
            "ipv6_cidr_block": "",
            "ipv6_cidr_block_association_id": "",
            "ipv6_native": false,
            "map_customer_owned_ip_on_launch": false,
            "map_public_ip_on_launch": false,
            "outpost_arn": "",
            "owner_id": "046228934234",
            "private_dns_hostname_type_on_launch": "ip-name",
            "tags": {
              "Name": "aws-monolith-private-subnet-2"
            },
            "tags_all": {
              "Name": "aws-monolith-private-subnet-2"
            },
            "timeouts": null,
            "vpc_id": "vpc-0f7da0cd5b82f9b24"
          },
          "sensitive_attributes": [],
          "private": "eyJlMmJmYjczMC1lY2FhLTExZTYtOGY4OC0zNDM2M2JjN2M0YzAiOnsiY3JlYXRlIjo2MDAwMDAwMDAwMDAsImRlbGV0ZSI6MTIwMDAwMDAwMDAwMH0sInNjaGVtYV92ZXJzaW9uIjoiMSJ9",
          "dependencies": [
            "aws_vpc.main",
            "data.aws_availability_zones.available"
          ],
          "create_before_destroy": true
        }
      ]
    },
    {
      "mode": "managed",
      "type": "aws_subnet",
      "name": "public_1",
      "provider": "provider[\"registry.terraform.io/hashicorp/aws\"]",
      "instances": [
        {
          "schema_version": 1,
          "attributes": {
            "arn": "arn:aws:ec2:us-east-1:046228934234:subnet/subnet-05b7fd92792bfd7f3",
            "assign_ipv6_address_on_creation": false,
            "availability_zone": "us-east-1a",
            "availability_zone_id": "use1-az1",
            "cidr_block": "10.0.1.0/24",
            "customer_owned_ipv4_pool": "",
            "enable_dns64": false,
            "enable_lni_at_device_index": 0,
            "enable_resource_name_dns_a_record_on_launch": false,
            "enable_resource_name_dns_aaaa_record_on_launch": false,
            "id": "subnet-05b7fd92792bfd7f3",
            "ipv6_cidr_block": "",
            "ipv6_cidr_block_association_id": "",
            "ipv6_native": false,
            "map_customer_owned_ip_on_launch": false,
            "map_public_ip_on_launch": true,
            "outpost_arn": "",
            "owner_id": "046228934234",
            "private_dns_hostname_type_on_launch": "ip-name",
            "tags": {
              "Name": "aws-monolith-public-subnet-1"
            },
            "tags_all": {
              "Name": "aws-monolith-public-subnet-1"
            },
            "timeouts": null,
            "vpc_id": "vpc-0f7da0cd5b82f9b24"
          },
          "sensitive_attributes": [],
          "private": "eyJlMmJmYjczMC1lY2FhLTExZTYtOGY4OC0zNDM2M2JjN2M0YzAiOnsiY3JlYXRlIjo2MDAwMDAwMDAwMDAsImRlbGV0ZSI6MTIwMDAwMDAwMDAwMH0sInNjaGVtYV92ZXJzaW9uIjoiMSJ9",
          "dependencies": [
            "aws_vpc.main",
            "data.aws_availability_zones.available"
          ]
        }
      ]
    },
    {
      "mode": "managed",
      "type": "aws_subnet",
      "name": "public_2",
      "provider": "provider[\"registry.terraform.io/hashicorp/aws\"]",
      "instances": [
        {
          "schema_version": 1,
          "attributes": {
            "arn": "arn:aws:ec2:us-east-1:046228934234:subnet/subnet-0ae17a4f4d4450a83",
            "assign_ipv6_address_on_creation": false,
            "availability_zone": "us-east-1b",
            "availability_zone_id": "use1-az2",
            "cidr_block": "10.0.2.0/24",
            "customer_owned_ipv4_pool": "",
            "enable_dns64": false,
            "enable_lni_at_device_index": 0,
            "enable_resource_name_dns_a_record_on_launch": false,
            "enable_resource_name_dns_aaaa_record_on_launch": false,
            "id": "subnet-0ae17a4f4d4450a83",
            "ipv6_cidr_block": "",
            "ipv6_cidr_block_association_id": "",
            "ipv6_native": false,
            "map_customer_owned_ip_on_launch": false,
            "map_public_ip_on_launch": true,
            "outpost_arn": "",
            "owner_id": "046228934234",
            "private_dns_hostname_type_on_launch": "ip-name",
            "tags": {
              "Name": "aws-monolith-public-subnet-2"
            },
            "tags_all": {
              "Name": "aws-monolith-public-subnet-2"
            },
            "timeouts": null,
            "vpc_id": "vpc-0f7da0cd5b82f9b24"
          },
          "sensitive_attributes": [],
          "private": "eyJlMmJmYjczMC1lY2FhLTExZTYtOGY4OC0zNDM2M2JjN2M0YzAiOnsiY3JlYXRlIjo2MDAwMDAwMDAwMDAsImRlbGV0ZSI6MTIwMDAwMDAwMDAwMH0sInNjaGVtYV92ZXJzaW9uIjoiMSJ9",
          "dependencies": [
            "aws_vpc.main",
            "data.aws_availability_zones.available"
          ]
        }
      ]
    },
    {
      "mode": "managed",
      "type": "aws_vpc",
      "name": "main",
      "provider": "provider[\"registry.terraform.io/hashicorp/aws\"]",
      "instances": [
        {
          "schema_version": 1,
          "attributes": {
            "arn": "arn:aws:ec2:us-east-1:046228934234:vpc/vpc-0f7da0cd5b82f9b24",
            "assign_generated_ipv6_cidr_block": false,
            "cidr_block": "10.0.0.0/16",
            "default_network_acl_id": "acl-091263c9eba99b47c",
            "default_route_table_id": "rtb-0ac9b6de52ccc8438",
            "default_security_group_id": "sg-0f3b3fcb74d979f62",
            "dhcp_options_id": "dopt-0aa7c2782abf69120",
            "enable_dns_hostnames": true,
            "enable_dns_support": true,
            "enable_network_address_usage_metrics": false,
            "id": "vpc-0f7da0cd5b82f9b24",
            "instance_tenancy": "default",
            "ipv4_ipam_pool_id": null,
            "ipv4_netmask_length": null,
            "ipv6_association_id": "",
            "ipv6_cidr_block": "",
            "ipv6_cidr_block_network_border_group": "",
            "ipv6_ipam_pool_id": "",
            "ipv6_netmask_length": 0,
            "main_route_table_id": "rtb-0ac9b6de52ccc8438",
            "owner_id": "046228934234",
            "tags": {
              "Name": "aws-monolith-vpc"
            },
            "tags_all": {
              "Name": "aws-monolith-vpc"
            }
          },
          "sensitive_attributes": [],
          "private": "eyJzY2hlbWFfdmVyc2lvbiI6IjEifQ==",
          "create_before_destroy": true
        }
      ]
    },
    {
      "mode": "managed",
      "type": "random_password",
      "name": "db_password",
      "provider": "provider[\"registry.terraform.io/hashicorp/random\"]",
      "instances": [
        {
          "schema_version": 3,
          "attributes": {
            "bcrypt_hash": "$2a$10$IsiMYUMTxwyPX91KZ5Nmpu23SJJIVFpcA4Er5cJF/WVORnRsEgEZG",
            "id": "none",
            "keepers": null,
            "length": 32,
            "lower": true,
            "min_lower": 0,
            "min_numeric": 0,
            "min_special": 0,
            "min_upper": 0,
            "number": true,
            "numeric": true,
            "override_special": null,
            "result": "2NZTPhUIoPvQynOWWV3OBxE78yCvCYhK",
            "special": false,
            "upper": true
          },
          "sensitive_attributes": []
        }
      ]
    }
  ],
  "check_results": null
}
